
Microsoft Visual Studio Solution File, Format Version 12.00
# Visual Studio Version 17
VisualStudioVersion = 17.14.36623.8
MinimumVisualStudioVersion = 10.0.40219.1
Project("{FAE04EC0-301F-11D3-BF4B-00C04F79EFBC}") = "Valid-Anagram", "Valid-Anagram\Valid-Anagram.csproj", "{51F827A7-904F-498F-90F9-405077C57E3A}"
EndProject
Project("{FAE04EC0-301F-11D3-BF4B-00C04F79EFBC}") = "IsPalindrome", "IsPalindrome\IsPalindrome.csproj", "{473FAE24-38B3-419F-A6C1-DA73618DE829}"
EndProject
Project("{FAE04EC0-301F-11D3-BF4B-00C04F79EFBC}") = "HasDuplicate", "HasDuplicate\HasDuplicate.csproj", "{CD4E2E14-34FB-4552-A28B-D951DFC3C3D5}"
EndProject
Project("{FAE04EC0-301F-11D3-BF4B-00C04F79EFBC}") = "Valid Parentheses", "Valid Parentheses\Valid Parentheses.csproj", "{3A895306-C5C7-455B-85F8-3244E96E13F3}"
EndProject
Global
	GlobalSection(SolutionConfigurationPlatforms) = preSolution
		Debug|Any CPU = Debug|Any CPU
		Release|Any CPU = Release|Any CPU
	EndGlobalSection
	GlobalSection(ProjectConfigurationPlatforms) = postSolution
		{51F827A7-904F-498F-90F9-405077C57E3A}.Debug|Any CPU.ActiveCfg = Debug|Any CPU
		{51F827A7-904F-498F-90F9-405077C57E3A}.Debug|Any CPU.Build.0 = Debug|Any CPU
		{51F827A7-904F-498F-90F9-405077C57E3A}.Release|Any CPU.ActiveCfg = Release|Any CPU
		{51F827A7-904F-498F-90F9-405077C57E3A}.Release|Any CPU.Build.0 = Release|Any CPU
		{473FAE24-38B3-419F-A6C1-DA73618DE829}.Debug|Any CPU.ActiveCfg = Debug|Any CPU
		{473FAE24-38B3-419F-A6C1-DA73618DE829}.Debug|Any CPU.Build.0 = Debug|Any CPU
		{473FAE24-38B3-419F-A6C1-DA73618DE829}.Release|Any CPU.ActiveCfg = Release|Any CPU
		{473FAE24-38B3-419F-A6C1-DA73618DE829}.Release|Any CPU.Build.0 = Release|Any CPU
		{CD4E2E14-34FB-4552-A28B-D951DFC3C3D5}.Debug|Any CPU.ActiveCfg = Debug|Any CPU
		{CD4E2E14-34FB-4552-A28B-D951DFC3C3D5}.Debug|Any CPU.Build.0 = Debug|Any CPU
		{CD4E2E14-34FB-4552-A28B-D951DFC3C3D5}.Release|Any CPU.ActiveCfg = Release|Any CPU
		{CD4E2E14-34FB-4552-A28B-D951DFC3C3D5}.Release|Any CPU.Build.0 = Release|Any CPU
		{3A895306-C5C7-455B-85F8-3244E96E13F3}.Debug|Any CPU.ActiveCfg = Debug|Any CPU
		{3A895306-C5C7-455B-85F8-3244E96E13F3}.Debug|Any CPU.Build.0 = Debug|Any CPU
		{3A895306-C5C7-455B-85F8-3244E96E13F3}.Release|Any CPU.ActiveCfg = Release|Any CPU
		{3A895306-C5C7-455B-85F8-3244E96E13F3}.Release|Any CPU.Build.0 = Release|Any CPU
	EndGlobalSection
	GlobalSection(SolutionProperties) = preSolution
		HideSolutionNode = FALSE
	EndGlobalSection
	GlobalSection(ExtensibilityGlobals) = postSolution
		SolutionGuid = {5A79599A-E2C4-4B94-99D4-B3DEB97F22DD}
	EndGlobalSection
EndGlobal
